<?xml version="1.0" encoding="utf-8"?>
<Project ToolsVersion="4.0" xmlns="http://schemas.microsoft.com/developer/msbuild/2003">
  <ItemGroup>
    <Filter Include="Source Files">
      <UniqueIdentifier>{4FC737F1-C7A5-4376-A066-2A32D752A2FF}</UniqueIdentifier>
      <Extensions>cpp;c;cc;cxx;def;odl;idl;hpj;bat;asm;asmx</Extensions>
    </Filter>
    <Filter Include="Header Files">
      <UniqueIdentifier>{93995380-89BD-4b04-88EB-625FBE52EBFB}</UniqueIdentifier>
      <Extensions>h;hh;hpp;hxx;hm;inl;inc;xsd</Extensions>
    </Filter>
    <Filter Include="Resource Files">
      <UniqueIdentifier>{67DA6AB6-F800-4c08-8B7A-83BB121AAD01}</UniqueIdentifier>
      <Extensions>rc;ico;cur;bmp;dlg;rc2;rct;bin;rgs;gif;jpg;jpeg;jpe;resx;tiff;tif;png;wav</Extensions>
    </Filter>
  </ItemGroup>
  <ItemGroup>
    <ClCompile Include="animation.cpp">
      <Filter>Source Files</Filter>
    </ClCompile>
    <ClCompile Include="animationData.cpp">
      <Filter>Source Files</Filter>
    </ClCompile>
    <ClCompile Include="console.cpp">
      <Filter>Source Files</Filter>
    </ClCompile>
    <ClCompile Include="genericFunctions.cpp">
      <Filter>Source Files</Filter>
    </ClCompile>
    <ClCompile Include="graphicsCache.cpp">
      <Filter>Source Files</Filter>
    </ClCompile>
    <ClCompile Include="graphicsLoader.cpp">
      <Filter>Source Files</Filter>
    </ClCompile>
    <ClCompile Include="graphicsThreadData.cpp">
      <Filter>Source Files</Filter>
    </ClCompile>
    <ClCompile Include="main.cpp">
      <Filter>Source Files</Filter>
    </ClCompile>
    <ClCompile Include="sol_animation.cpp">
      <Filter>Source Files</Filter>
    </ClCompile>
    <ClCompile Include="sol_bitmap.cpp">
      <Filter>Source Files</Filter>
    </ClCompile>
    <ClCompile Include="sol_dimensions.cpp">
      <Filter>Source Files</Filter>
    </ClCompile>
    <ClCompile Include="sol_gameObject.cpp">
      <Filter>Source Files</Filter>
    </ClCompile>
    <ClCompile Include="sol_graphicsControl.cpp">
      <Filter>Source Files</Filter>
    </ClCompile>
    <ClCompile Include="sol_graphicsLayer.cpp">
      <Filter>Source Files</Filter>
    </ClCompile>
    <ClCompile Include="sol_graphicsStorage.cpp">
      <Filter>Source Files</Filter>
    </ClCompile>
    <ClCompile Include="sol_logicController.cpp">
      <Filter>Source Files</Filter>
    </ClCompile>
    <ClCompile Include="sol_logicStorage.cpp">
      <Filter>Source Files</Filter>
    </ClCompile>
    <ClCompile Include="sol_logicToGraphicsConverter.cpp">
      <Filter>Source Files</Filter>
    </ClCompile>
    <ClCompile Include="sol_masterController.cpp">
      <Filter>Source Files</Filter>
    </ClCompile>
    <ClCompile Include="sol_objectStaticAnimation.cpp">
      <Filter>Source Files</Filter>
    </ClCompile>
    <ClCompile Include="sol_objectStaticBitmap.cpp">
      <Filter>Source Files</Filter>
    </ClCompile>
    <ClCompile Include="sol_scene.cpp">
      <Filter>Source Files</Filter>
    </ClCompile>
    <ClCompile Include="sol_sceneLayer.cpp">
      <Filter>Source Files</Filter>
    </ClCompile>
    <ClCompile Include="sol_screenAnimation.cpp">
      <Filter>Source Files</Filter>
    </ClCompile>
    <ClCompile Include="sol_screenBitmap.cpp">
      <Filter>Source Files</Filter>
    </ClCompile>
    <ClCompile Include="sol_spaceFillingVector.cpp">
      <Filter>Source Files</Filter>
    </ClCompile>
    <ClCompile Include="sol_templateStaticAnimation.cpp">
      <Filter>Source Files</Filter>
    </ClCompile>
    <ClCompile Include="sol_templateStaticBitmap.cpp">
      <Filter>Source Files</Filter>
    </ClCompile>
    <ClCompile Include="sol_virtualGraphicsObject.cpp">
      <Filter>Source Files</Filter>
    </ClCompile>
    <ClCompile Include="spritesheetData.cpp">
      <Filter>Source Files</Filter>
    </ClCompile>
    <ClCompile Include="templateBst.cpp">
      <Filter>Source Files</Filter>
    </ClCompile>
    <ClCompile Include="templateBstNode.cpp">
      <Filter>Source Files</Filter>
    </ClCompile>
  </ItemGroup>
  <ItemGroup>
    <ClInclude Include="animation.h">
      <Filter>Header Files</Filter>
    </ClInclude>
    <ClInclude Include="animationData.h">
      <Filter>Header Files</Filter>
    </ClInclude>
    <ClInclude Include="bitmapData.h">
      <Filter>Header Files</Filter>
    </ClInclude>
    <ClInclude Include="console.h">
      <Filter>Header Files</Filter>
    </ClInclude>
    <ClInclude Include="frameData.h">
      <Filter>Header Files</Filter>
    </ClInclude>
    <ClInclude Include="genericFunctions.h">
      <Filter>Header Files</Filter>
    </ClInclude>
    <ClInclude Include="graphicsCache.h">
      <Filter>Header Files</Filter>
    </ClInclude>
    <ClInclude Include="graphicsCacheMessage.h">
      <Filter>Header Files</Filter>
    </ClInclude>
    <ClInclude Include="graphicsContainer.h">
      <Filter>Header Files</Filter>
    </ClInclude>
    <ClInclude Include="graphicsLoader.h">
      <Filter>Header Files</Filter>
    </ClInclude>
    <ClInclude Include="graphicsThreadData.h">
      <Filter>Header Files</Filter>
    </ClInclude>
    <ClInclude Include="graphicsThreadMessage.h">
      <Filter>Header Files</Filter>
    </ClInclude>
    <ClInclude Include="graphicsThreadMessenger.h">
      <Filter>Header Files</Filter>
    </ClInclude>
    <ClInclude Include="graphicsUncachingData.h">
      <Filter>Header Files</Filter>
    </ClInclude>
    <ClInclude Include="sol_animation.h">
      <Filter>Header Files</Filter>
    </ClInclude>
    <ClInclude Include="sol_bitmap.h">
      <Filter>Header Files</Filter>
    </ClInclude>
    <ClInclude Include="sol_dimensions.h">
      <Filter>Header Files</Filter>
    </ClInclude>
    <ClInclude Include="sol_frame.h">
      <Filter>Header Files</Filter>
    </ClInclude>
    <ClInclude Include="sol_gameObject.h">
      <Filter>Header Files</Filter>
    </ClInclude>
    <ClInclude Include="sol_graphicsConstants.h">
      <Filter>Header Files</Filter>
    </ClInclude>
    <ClInclude Include="sol_graphicsControl.h">
      <Filter>Header Files</Filter>
    </ClInclude>
    <ClInclude Include="sol_graphicsGroup.h">
      <Filter>Header Files</Filter>
    </ClInclude>
    <ClInclude Include="sol_graphicsLayer.h">
      <Filter>Header Files</Filter>
    </ClInclude>
    <ClInclude Include="sol_graphicsModule.h">
      <Filter>Header Files</Filter>
    </ClInclude>
    <ClInclude Include="sol_graphicsStorage.h">
      <Filter>Header Files</Filter>
    </ClInclude>
    <ClInclude Include="sol_logicCamera.h">
      <Filter>Header Files</Filter>
    </ClInclude>
    <ClInclude Include="sol_logicConstants.h">
      <Filter>Header Files</Filter>
    </ClInclude>
    <ClInclude Include="sol_logicController.h">
      <Filter>Header Files</Filter>
    </ClInclude>
    <ClInclude Include="sol_logicLayer.h">
      <Filter>Header Files</Filter>
    </ClInclude>
    <ClInclude Include="sol_logicStorage.h">
      <Filter>Header Files</Filter>
    </ClInclude>
    <ClInclude Include="sol_logicToGraphicsConverter.h">
      <Filter>Header Files</Filter>
    </ClInclude>
    <ClInclude Include="sol_masterController.h">
      <Filter>Header Files</Filter>
    </ClInclude>
    <ClInclude Include="sol_objectStaticAnimation.h">
      <Filter>Header Files</Filter>
    </ClInclude>
    <ClInclude Include="sol_objectStaticBitmap.h">
      <Filter>Header Files</Filter>
    </ClInclude>
    <ClInclude Include="sol_scene.h">
      <Filter>Header Files</Filter>
    </ClInclude>
    <ClInclude Include="sol_sceneLayer.h">
      <Filter>Header Files</Filter>
    </ClInclude>
    <ClInclude Include="sol_screenAnimation.h">
      <Filter>Header Files</Filter>
    </ClInclude>
    <ClInclude Include="sol_screenBitmap.h">
      <Filter>Header Files</Filter>
    </ClInclude>
    <ClInclude Include="sol_spaceFillingVector.h">
      <Filter>Header Files</Filter>
    </ClInclude>
    <ClInclude Include="sol_templateStaticAnimation.h">
      <Filter>Header Files</Filter>
    </ClInclude>
    <ClInclude Include="sol_templateStaticBitmap.h">
      <Filter>Header Files</Filter>
    </ClInclude>
    <ClInclude Include="sol_virtualGraphicsObject.h">
      <Filter>Header Files</Filter>
    </ClInclude>
    <ClInclude Include="spaceFillingVector.h">
      <Filter>Header Files</Filter>
    </ClInclude>
    <ClInclude Include="spritesheetCache.h">
      <Filter>Header Files</Filter>
    </ClInclude>
    <ClInclude Include="spritesheetData.h">
      <Filter>Header Files</Filter>
    </ClInclude>
    <ClInclude Include="templateBst.h">
      <Filter>Header Files</Filter>
    </ClInclude>
    <ClInclude Include="templateBstNode.h">
      <Filter>Header Files</Filter>
    </ClInclude>
  </ItemGroup>
</Project>